
Microsoft Visual Studio Solution File, Format Version 12.00
# Visual Studio Version 17
VisualStudioVersion = 17.7.34024.191
MinimumVisualStudioVersion = 10.0.40219.1
Project("{9A19103F-16F7-4668-BE54-9A1E7A4F7556}") = "Incubator 2", "Incubator 2.csproj", "{543B67D2-6060-4C8D-B38E-C26AB9298025}"
EndProject
Global
	GlobalSection(SolutionConfigurationPlatforms) = preSolution
		Debug|Any CPU = Debug|Any CPU
		Release|Any CPU = Release|Any CPU
	EndGlobalSection
	GlobalSection(ProjectConfigurationPlatforms) = postSolution
		{543B67D2-6060-4C8D-B38E-C26AB9298025}.Debug|Any CPU.ActiveCfg = Debug|Any CPU
		{543B67D2-6060-4C8D-B38E-C26AB9298025}.Debug|Any CPU.Build.0 = Debug|Any CPU
		{543B67D2-6060-4C8D-B38E-C26AB9298025}.Release|Any CPU.ActiveCfg = Release|Any CPU
		{543B67D2-6060-4C8D-B38E-C26AB9298025}.Release|Any CPU.Build.0 = Release|Any CPU
	EndGlobalSection
	GlobalSection(SolutionProperties) = preSolution
		HideSolutionNode = FALSE
	EndGlobalSection
	GlobalSection(ExtensibilityGlobals) = postSolution
		SolutionGuid = {ED521A52-E8C8-4162-A5F0-88E9C6E24225}
	EndGlobalSection
EndGlobal
